<?xml version="1.0" encoding="utf-8"?>
<Project ToolsVersion="4.0" xmlns="http://schemas.microsoft.com/developer/msbuild/2003">
  <ItemGroup>
    <ClCompile Include="background.cpp">
      <Filter>source</Filter>
    </ClCompile>
    <ClCompile Include="button.cpp">
      <Filter>source</Filter>
    </ClCompile>
    <ClCompile Include="button_control.cpp">
      <Filter>source</Filter>
    </ClCompile>
    <ClCompile Include="commandbox.cpp">
      <Filter>source</Filter>
    </ClCompile>
    <ClCompile Include="keyboard.cpp">
      <Filter>source</Filter>
    </ClCompile>
    <ClCompile Include="initialize.cpp">
      <Filter>source</Filter>
    </ClCompile>
    <ClCompile Include="main.cpp">
      <Filter>source</Filter>
    </ClCompile>
    <ClCompile Include="mouse.cpp">
      <Filter>source</Filter>
    </ClCompile>
    <ClCompile Include="objFile.cpp">
      <Filter>source</Filter>
    </ClCompile>
    <ClCompile Include="PrintText.cpp">
      <Filter>source</Filter>
    </ClCompile>
    <ClCompile Include="screenshot.cpp">
      <Filter>source</Filter>
    </ClCompile>
    <ClCompile Include="sphere.cpp">
      <Filter>source</Filter>
    </ClCompile>
    <ClCompile Include="stick.cpp">
      <Filter>source</Filter>
    </ClCompile>
    <ClCompile Include="viewmatrix.cpp">
      <Filter>source</Filter>
    </ClCompile>
    <ClCompile Include="CollisionDetection.cpp">
      <Filter>source</Filter>
    </ClCompile>
  </ItemGroup>
  <ItemGroup>
    <ClInclude Include="background.h">
      <Filter>header</Filter>
    </ClInclude>
    <ClInclude Include="button.h">
      <Filter>header</Filter>
    </ClInclude>
    <ClInclude Include="button_control.h">
      <Filter>header</Filter>
    </ClInclude>
    <ClInclude Include="commandbox.h">
      <Filter>header</Filter>
    </ClInclude>
    <ClInclude Include="define.h">
      <Filter>header</Filter>
    </ClInclude>
    <ClInclude Include="gl.h">
      <Filter>header</Filter>
    </ClInclude>
    <ClInclude Include="glew.h">
      <Filter>header</Filter>
    </ClInclude>
    <ClInclude Include="glu.h">
      <Filter>header</Filter>
    </ClInclude>
    <ClInclude Include="glut.h">
      <Filter>header</Filter>
    </ClInclude>
    <ClInclude Include="initialize.h">
      <Filter>header</Filter>
    </ClInclude>
    <ClInclude Include="keyboard.h">
      <Filter>header</Filter>
    </ClInclude>
    <ClInclude Include="light.h">
      <Filter>header</Filter>
    </ClInclude>
    <ClInclude Include="material.h">
      <Filter>header</Filter>
    </ClInclude>
    <ClInclude Include="project.h">
      <Filter>header</Filter>
    </ClInclude>
    <ClInclude Include="objFile.h">
      <Filter>header</Filter>
    </ClInclude>
    <ClInclude Include="mouse.h">
      <Filter>header</Filter>
    </ClInclude>
    <ClInclude Include="PrintText.h">
      <Filter>header</Filter>
    </ClInclude>
    <ClInclude Include="screenshot.h">
      <Filter>header</Filter>
    </ClInclude>
    <ClInclude Include="skybox.h">
      <Filter>header</Filter>
    </ClInclude>
    <ClInclude Include="SOIL.h">
      <Filter>header</Filter>
    </ClInclude>
    <ClInclude Include="sphere.h">
      <Filter>header</Filter>
    </ClInclude>
    <ClInclude Include="stick.h">
      <Filter>header</Filter>
    </ClInclude>
    <ClInclude Include="texture.h">
      <Filter>header</Filter>
    </ClInclude>
    <ClInclude Include="viewmatrix.h">
      <Filter>header</Filter>
    </ClInclude>
    <ClInclude Include="CollisionDetection.h">
      <Filter>header</Filter>
    </ClInclude>
  </ItemGroup>
  <ItemGroup>
    <Filter Include="header">
      <UniqueIdentifier>{0c5a349b-361e-4d9b-bea2-ec8c387e8774}</UniqueIdentifier>
    </Filter>
    <Filter Include="source">
      <UniqueIdentifier>{6b6d21fe-8f2f-4f80-ae3a-55e61dbabe4a}</UniqueIdentifier>
    </Filter>
  </ItemGroup>
  <ItemGroup>
    <Library Include="SOIL.lib">
      <Filter>header</Filter>
    </Library>
  </ItemGroup>
</Project>